
Microsoft Visual Studio Solution File, Format Version 12.00
# Visual Studio Version 16
VisualStudioVersion = 16.0.29009.5
MinimumVisualStudioVersion = 10.0.40219.1
Project("{9A19103F-16F7-4668-BE54-9A1E7A4F7556}") = "Refactoring.Pipelines.Test", "Refactoring.Pipelines.Test\Refactoring.Pipelines.Test.csproj", "{45994991-F439-4D0B-8518-3A9B8E8B66C5}"
EndProject
Project("{9A19103F-16F7-4668-BE54-9A1E7A4F7556}") = "Refactoring.Pipelines", "Refactoring.Pipelines\Refactoring.Pipelines.csproj", "{29A821A7-3E4A-448B-B93D-FD2FC4C8C9B2}"
EndProject
Project("{9A19103F-16F7-4668-BE54-9A1E7A4F7556}") = "Refactoring.Pipelines.DotGraph", "Refactoring.Pipelines.DotGraph\Refactoring.Pipelines.DotGraph.csproj", "{26320607-24EE-4D27-A697-A7B4F0EF0751}"
EndProject
Project("{9A19103F-16F7-4668-BE54-9A1E7A4F7556}") = "Refactoring.Pipelines.Approvals", "Refactoring.Pipelines.Approvals\Refactoring.Pipelines.Approvals.csproj", "{256DD1C2-5852-4D32-B547-7256564A16CA}"
EndProject
Project("{2150E333-8FDC-42A3-9474-1A3956D46DE8}") = "Solution Items", "Solution Items", "{01BE10E3-171D-4E53-8B8C-0A463A49D340}"
	ProjectSection(SolutionItems) = preProject
		.gitattributes = .gitattributes
		.gitignore = .gitignore
		appveyor.yml = appveyor.yml
		Directory.Build.props = Directory.Build.props
		mdsnippets.json = mdsnippets.json
		PublishToNuget.cmd = PublishToNuget.cmd
		README.md = README.md
		TODO.md = TODO.md
	EndProjectSection
EndProject
Global
	GlobalSection(SolutionConfigurationPlatforms) = preSolution
		Debug|Any CPU = Debug|Any CPU
		Release|Any CPU = Release|Any CPU
	EndGlobalSection
	GlobalSection(ProjectConfigurationPlatforms) = postSolution
		{45994991-F439-4D0B-8518-3A9B8E8B66C5}.Debug|Any CPU.ActiveCfg = Debug|Any CPU
		{45994991-F439-4D0B-8518-3A9B8E8B66C5}.Debug|Any CPU.Build.0 = Debug|Any CPU
		{45994991-F439-4D0B-8518-3A9B8E8B66C5}.Release|Any CPU.ActiveCfg = Release|Any CPU
		{45994991-F439-4D0B-8518-3A9B8E8B66C5}.Release|Any CPU.Build.0 = Release|Any CPU
		{29A821A7-3E4A-448B-B93D-FD2FC4C8C9B2}.Debug|Any CPU.ActiveCfg = Debug|Any CPU
		{29A821A7-3E4A-448B-B93D-FD2FC4C8C9B2}.Debug|Any CPU.Build.0 = Debug|Any CPU
		{29A821A7-3E4A-448B-B93D-FD2FC4C8C9B2}.Release|Any CPU.ActiveCfg = Release|Any CPU
		{29A821A7-3E4A-448B-B93D-FD2FC4C8C9B2}.Release|Any CPU.Build.0 = Release|Any CPU
		{26320607-24EE-4D27-A697-A7B4F0EF0751}.Debug|Any CPU.ActiveCfg = Debug|Any CPU
		{26320607-24EE-4D27-A697-A7B4F0EF0751}.Debug|Any CPU.Build.0 = Debug|Any CPU
		{26320607-24EE-4D27-A697-A7B4F0EF0751}.Release|Any CPU.ActiveCfg = Release|Any CPU
		{26320607-24EE-4D27-A697-A7B4F0EF0751}.Release|Any CPU.Build.0 = Release|Any CPU
		{256DD1C2-5852-4D32-B547-7256564A16CA}.Debug|Any CPU.ActiveCfg = Debug|Any CPU
		{256DD1C2-5852-4D32-B547-7256564A16CA}.Debug|Any CPU.Build.0 = Debug|Any CPU
		{256DD1C2-5852-4D32-B547-7256564A16CA}.Release|Any CPU.ActiveCfg = Release|Any CPU
		{256DD1C2-5852-4D32-B547-7256564A16CA}.Release|Any CPU.Build.0 = Release|Any CPU
	EndGlobalSection
	GlobalSection(SolutionProperties) = preSolution
		HideSolutionNode = FALSE
	EndGlobalSection
	GlobalSection(ExtensibilityGlobals) = postSolution
		SolutionGuid = {48C002E9-DD49-4CA8-B0FF-683BC67B7403}
	EndGlobalSection
EndGlobal
